
Microsoft Visual Studio Solution File, Format Version 12.00
# Visual Studio 15
VisualStudioVersion = 15.0.26124.0
MinimumVisualStudioVersion = 15.0.26124.0
Project("{9A19103F-16F7-4668-BE54-9A1E7A4F7556}") = "predicate.builder.net", "predicate.builder.net\predicate.builder.net.csproj", "{3D3332E1-773E-41AE-9165-785C4E8D1BB6}"
EndProject
Project("{FAE04EC0-301F-11D3-BF4B-00C04F79EFBC}") = "predicate-builder-tests", "predicate-builder-tests\predicate-builder-tests.csproj", "{7BA1B26E-E514-449A-BAEF-9A62CF32E247}"
EndProject
Global
	GlobalSection(SolutionConfigurationPlatforms) = preSolution
		Debug|Any CPU = Debug|Any CPU
		Debug|x64 = Debug|x64
		Debug|x86 = Debug|x86
		Release|Any CPU = Release|Any CPU
		Release|x64 = Release|x64
		Release|x86 = Release|x86
	EndGlobalSection
	GlobalSection(ProjectConfigurationPlatforms) = postSolution
		{3D3332E1-773E-41AE-9165-785C4E8D1BB6}.Debug|Any CPU.ActiveCfg = Debug|Any CPU
		{3D3332E1-773E-41AE-9165-785C4E8D1BB6}.Debug|Any CPU.Build.0 = Debug|Any CPU
		{3D3332E1-773E-41AE-9165-785C4E8D1BB6}.Debug|x64.ActiveCfg = Debug|Any CPU
		{3D3332E1-773E-41AE-9165-785C4E8D1BB6}.Debug|x64.Build.0 = Debug|Any CPU
		{3D3332E1-773E-41AE-9165-785C4E8D1BB6}.Debug|x86.ActiveCfg = Debug|Any CPU
		{3D3332E1-773E-41AE-9165-785C4E8D1BB6}.Debug|x86.Build.0 = Debug|Any CPU
		{3D3332E1-773E-41AE-9165-785C4E8D1BB6}.Release|Any CPU.ActiveCfg = Release|Any CPU
		{3D3332E1-773E-41AE-9165-785C4E8D1BB6}.Release|Any CPU.Build.0 = Release|Any CPU
		{3D3332E1-773E-41AE-9165-785C4E8D1BB6}.Release|x64.ActiveCfg = Release|Any CPU
		{3D3332E1-773E-41AE-9165-785C4E8D1BB6}.Release|x64.Build.0 = Release|Any CPU
		{3D3332E1-773E-41AE-9165-785C4E8D1BB6}.Release|x86.ActiveCfg = Release|Any CPU
		{3D3332E1-773E-41AE-9165-785C4E8D1BB6}.Release|x86.Build.0 = Release|Any CPU
		{7BA1B26E-E514-449A-BAEF-9A62CF32E247}.Debug|Any CPU.ActiveCfg = Debug|Any CPU
		{7BA1B26E-E514-449A-BAEF-9A62CF32E247}.Debug|Any CPU.Build.0 = Debug|Any CPU
		{7BA1B26E-E514-449A-BAEF-9A62CF32E247}.Debug|x64.ActiveCfg = Debug|Any CPU
		{7BA1B26E-E514-449A-BAEF-9A62CF32E247}.Debug|x64.Build.0 = Debug|Any CPU
		{7BA1B26E-E514-449A-BAEF-9A62CF32E247}.Debug|x86.ActiveCfg = Debug|Any CPU
		{7BA1B26E-E514-449A-BAEF-9A62CF32E247}.Debug|x86.Build.0 = Debug|Any CPU
		{7BA1B26E-E514-449A-BAEF-9A62CF32E247}.Release|Any CPU.ActiveCfg = Release|Any CPU
		{7BA1B26E-E514-449A-BAEF-9A62CF32E247}.Release|Any CPU.Build.0 = Release|Any CPU
		{7BA1B26E-E514-449A-BAEF-9A62CF32E247}.Release|x64.ActiveCfg = Release|Any CPU
		{7BA1B26E-E514-449A-BAEF-9A62CF32E247}.Release|x64.Build.0 = Release|Any CPU
		{7BA1B26E-E514-449A-BAEF-9A62CF32E247}.Release|x86.ActiveCfg = Release|Any CPU
		{7BA1B26E-E514-449A-BAEF-9A62CF32E247}.Release|x86.Build.0 = Release|Any CPU
	EndGlobalSection
	GlobalSection(SolutionProperties) = preSolution
		HideSolutionNode = FALSE
	EndGlobalSection
	GlobalSection(ExtensibilityGlobals) = postSolution
		SolutionGuid = {64B4492C-0DE2-48F8-B28B-7D1E5CF97365}
	EndGlobalSection
EndGlobal
